// !$*UTF8*$!
{
	archiveVersion = 1;
	classes = {
	};
	objectVersion = 55;
	objects = {

/* Begin PBXBuildFile section */
		0C68F1F528960289002D3F82 /* VideoSubscriptionTableViewCell.swift in Sources */ = {isa = PBXBuildFile; fileRef = 0C68F1F428960289002D3F82 /* VideoSubscriptionTableViewCell.swift */; };
		0C68F1F928960348002D3F82 /* VideoSubscriptionCellModel.swift in Sources */ = {isa = PBXBuildFile; fileRef = 0C68F1F828960348002D3F82 /* VideoSubscriptionCellModel.swift */; };
		0C68F1FD289607A6002D3F82 /* UIImageView.swift in Sources */ = {isa = PBXBuildFile; fileRef = 0C68F1FC289607A6002D3F82 /* UIImageView.swift */; };
		0C68F1FF2896103B002D3F82 /* VideoChannelPicker.swift in Sources */ = {isa = PBXBuildFile; fileRef = 0C68F1FE2896103B002D3F82 /* VideoChannelPicker.swift */; };
		0C68F203289728D6002D3F82 /* SearchBar.swift in Sources */ = {isa = PBXBuildFile; fileRef = 0C68F202289728D6002D3F82 /* SearchBar.swift */; };
		0C68F2052899827D002D3F82 /* State+videoChannelPickerState.swift in Sources */ = {isa = PBXBuildFile; fileRef = 0C68F2042899827D002D3F82 /* State+videoChannelPickerState.swift */; };
		0C68F207289A0A8F002D3F82 /* VideoChannelViewModel.swift in Sources */ = {isa = PBXBuildFile; fileRef = 0C68F206289A0A8F002D3F82 /* VideoChannelViewModel.swift */; };
		0C7C03AB283987C400E673F0 /* State.swift in Sources */ = {isa = PBXBuildFile; fileRef = 0C7C03AA283987C400E673F0 /* State.swift */; };
		0C7C03AE2839896F00E673F0 /* NewsTableViewCell.swift in Sources */ = {isa = PBXBuildFile; fileRef = 0C7C03AD2839896F00E673F0 /* NewsTableViewCell.swift */; };
		0C7C03B0283989A200E673F0 /* NewsCollectionViewCell.swift in Sources */ = {isa = PBXBuildFile; fileRef = 0C7C03AF283989A200E673F0 /* NewsCollectionViewCell.swift */; };
		0C7E95DD2835B3D2005F78A3 /* AppDelegate.swift in Sources */ = {isa = PBXBuildFile; fileRef = 0C7E95DC2835B3D2005F78A3 /* AppDelegate.swift */; };
		0C7E95DF2835B3D2005F78A3 /* SceneDelegate.swift in Sources */ = {isa = PBXBuildFile; fileRef = 0C7E95DE2835B3D2005F78A3 /* SceneDelegate.swift */; };
		0C7E95E62835B3D6005F78A3 /* Assets.xcassets in Resources */ = {isa = PBXBuildFile; fileRef = 0C7E95E52835B3D6005F78A3 /* Assets.xcassets */; };
		0C7E95E92835B3D6005F78A3 /* LaunchScreen.storyboard in Resources */ = {isa = PBXBuildFile; fileRef = 0C7E95E72835B3D6005F78A3 /* LaunchScreen.storyboard */; };
		0C7E95F42835B3D6005F78A3 /* LangAppTests.swift in Sources */ = {isa = PBXBuildFile; fileRef = 0C7E95F32835B3D6005F78A3 /* LangAppTests.swift */; };
		0C7E95FE2835B3D6005F78A3 /* LangAppUITests.swift in Sources */ = {isa = PBXBuildFile; fileRef = 0C7E95FD2835B3D6005F78A3 /* LangAppUITests.swift */; };
		0C7E96002835B3D6005F78A3 /* LangAppUITestsLaunchTests.swift in Sources */ = {isa = PBXBuildFile; fileRef = 0C7E95FF2835B3D6005F78A3 /* LangAppUITestsLaunchTests.swift */; };
		0C7E96132835BFEE005F78A3 /* TabBarViewController.swift in Sources */ = {isa = PBXBuildFile; fileRef = 0C7E96122835BFEE005F78A3 /* TabBarViewController.swift */; };
		0C7E96152837E512005F78A3 /* UI+Image.swift in Sources */ = {isa = PBXBuildFile; fileRef = 0C7E96142837E512005F78A3 /* UI+Image.swift */; };
		0C7E96172837E9C8005F78A3 /* NewsViewController.swift in Sources */ = {isa = PBXBuildFile; fileRef = 0C7E96162837E9C8005F78A3 /* NewsViewController.swift */; };
		0C7E96192837EA1F005F78A3 /* VideoViewController.swift in Sources */ = {isa = PBXBuildFile; fileRef = 0C7E96182837EA1F005F78A3 /* VideoViewController.swift */; };
		0C7E961B2837EA47005F78A3 /* PodcastViewController.swift in Sources */ = {isa = PBXBuildFile; fileRef = 0C7E961A2837EA47005F78A3 /* PodcastViewController.swift */; };
		0C7E961D2837EA65005F78A3 /* MusicViewController.swift in Sources */ = {isa = PBXBuildFile; fileRef = 0C7E961C2837EA65005F78A3 /* MusicViewController.swift */; };
		0C7E96202837F685005F78A3 /* Main.storyboard in Resources */ = {isa = PBXBuildFile; fileRef = 0C7E961E2837F685005F78A3 /* Main.storyboard */; };
		0C8BDB10285EBB8B00067A66 /* AppReducer+interactorReducer.swift in Sources */ = {isa = PBXBuildFile; fileRef = 0C8BDB0F285EBB8B00067A66 /* AppReducer+interactorReducer.swift */; };
		0C8F0C3E2855887900FD95CE /* State+newsState.swift in Sources */ = {isa = PBXBuildFile; fileRef = 0C8F0C3D2855887900FD95CE /* State+newsState.swift */; };
		0CBF1657285D097D00A2437F /* ArticleService.swift in Sources */ = {isa = PBXBuildFile; fileRef = 0CBF1654285D097D00A2437F /* ArticleService.swift */; };
		0CBF1658285D097D00A2437F /* ArticlesModel.swift in Sources */ = {isa = PBXBuildFile; fileRef = 0CBF1656285D097D00A2437F /* ArticlesModel.swift */; };
		0CBF165B285D23AE00A2437F /* NewsViewModel.swift in Sources */ = {isa = PBXBuildFile; fileRef = 0CBF165A285D23AE00A2437F /* NewsViewModel.swift */; };
		0CBF165D285D276E00A2437F /* TabBarViewModel.swift in Sources */ = {isa = PBXBuildFile; fileRef = 0CBF165C285D276E00A2437F /* TabBarViewModel.swift */; };
		0CBF165F285D2F5E00A2437F /* AppAction.swift in Sources */ = {isa = PBXBuildFile; fileRef = 0CBF165E285D2F5E00A2437F /* AppAction.swift */; };
		0CBF1661285D337100A2437F /* AppReducer.swift in Sources */ = {isa = PBXBuildFile; fileRef = 0CBF1660285D337100A2437F /* AppReducer.swift */; };
		0CBF1663285D34AD00A2437F /* AppReducer+tabBarReducer.swift in Sources */ = {isa = PBXBuildFile; fileRef = 0CBF1662285D34AD00A2437F /* AppReducer+tabBarReducer.swift */; };
		0CBF1665285D356100A2437F /* State+tabBarState.swift in Sources */ = {isa = PBXBuildFile; fileRef = 0CBF1664285D356100A2437F /* State+tabBarState.swift */; };
		0CBF1667285D5A9700A2437F /* State+networkState.swift in Sources */ = {isa = PBXBuildFile; fileRef = 0CBF1666285D5A9700A2437F /* State+networkState.swift */; };
		0CBF1669285D5C1F00A2437F /* Interactor.swift in Sources */ = {isa = PBXBuildFile; fileRef = 0CBF1668285D5C1F00A2437F /* Interactor.swift */; };
		7CFF1E22491ACE9D02D2ECE2 /* Pods_LangApp_LangAppTests.framework in Frameworks */ = {isa = PBXBuildFile; fileRef = 80F0A47CFBFBCC3F3DA28464 /* Pods_LangApp_LangAppTests.framework */; };
		88F86EA2D7F58C08491502B9 /* Pods_LangApp.framework in Frameworks */ = {isa = PBXBuildFile; fileRef = D72447E27F31AEFFC814354C /* Pods_LangApp.framework */; };
		AA559A2D18E7D624D0FFD345 /* Pods_LangApp_LangAppUITests.framework in Frameworks */ = {isa = PBXBuildFile; fileRef = 57B33C3F1AAEC656C55C4547 /* Pods_LangApp_LangAppUITests.framework */; };
/* End PBXBuildFile section */

/* Begin PBXContainerItemProxy section */
		0C7E95F02835B3D6005F78A3 /* PBXContainerItemProxy */ = {
			isa = PBXContainerItemProxy;
			containerPortal = 0C7E95D12835B3D2005F78A3 /* Project object */;
			proxyType = 1;
			remoteGlobalIDString = 0C7E95D82835B3D2005F78A3;
			remoteInfo = LangApp;
		};
		0C7E95FA2835B3D6005F78A3 /* PBXContainerItemProxy */ = {
			isa = PBXContainerItemProxy;
			containerPortal = 0C7E95D12835B3D2005F78A3 /* Project object */;
			proxyType = 1;
			remoteGlobalIDString = 0C7E95D82835B3D2005F78A3;
			remoteInfo = LangApp;
		};
/* End PBXContainerItemProxy section */

/* Begin PBXFileReference section */
		0C68F1F428960289002D3F82 /* VideoSubscriptionTableViewCell.swift */ = {isa = PBXFileReference; lastKnownFileType = sourcecode.swift; path = VideoSubscriptionTableViewCell.swift; sourceTree = "<group>"; };
		0C68F1F828960348002D3F82 /* VideoSubscriptionCellModel.swift */ = {isa = PBXFileReference; lastKnownFileType = sourcecode.swift; path = VideoSubscriptionCellModel.swift; sourceTree = "<group>"; };
		0C68F1FC289607A6002D3F82 /* UIImageView.swift */ = {isa = PBXFileReference; lastKnownFileType = sourcecode.swift; path = UIImageView.swift; sourceTree = "<group>"; };
		0C68F1FE2896103B002D3F82 /* VideoChannelPicker.swift */ = {isa = PBXFileReference; lastKnownFileType = sourcecode.swift; path = VideoChannelPicker.swift; sourceTree = "<group>"; };
		0C68F202289728D6002D3F82 /* SearchBar.swift */ = {isa = PBXFileReference; lastKnownFileType = sourcecode.swift; path = SearchBar.swift; sourceTree = "<group>"; };
		0C68F2042899827D002D3F82 /* State+videoChannelPickerState.swift */ = {isa = PBXFileReference; lastKnownFileType = sourcecode.swift; path = "State+videoChannelPickerState.swift"; sourceTree = "<group>"; };
		0C68F206289A0A8F002D3F82 /* VideoChannelViewModel.swift */ = {isa = PBXFileReference; lastKnownFileType = sourcecode.swift; path = VideoChannelViewModel.swift; sourceTree = "<group>"; };
		0C7C03AA283987C400E673F0 /* State.swift */ = {isa = PBXFileReference; lastKnownFileType = sourcecode.swift; path = State.swift; sourceTree = "<group>"; };
		0C7C03AD2839896F00E673F0 /* NewsTableViewCell.swift */ = {isa = PBXFileReference; lastKnownFileType = sourcecode.swift; path = NewsTableViewCell.swift; sourceTree = "<group>"; };
		0C7C03AF283989A200E673F0 /* NewsCollectionViewCell.swift */ = {isa = PBXFileReference; lastKnownFileType = sourcecode.swift; path = NewsCollectionViewCell.swift; sourceTree = "<group>"; };
		0C7E95D92835B3D2005F78A3 /* LangApp.app */ = {isa = PBXFileReference; explicitFileType = wrapper.application; includeInIndex = 0; path = LangApp.app; sourceTree = BUILT_PRODUCTS_DIR; };
		0C7E95DC2835B3D2005F78A3 /* AppDelegate.swift */ = {isa = PBXFileReference; lastKnownFileType = sourcecode.swift; path = AppDelegate.swift; sourceTree = "<group>"; };
		0C7E95DE2835B3D2005F78A3 /* SceneDelegate.swift */ = {isa = PBXFileReference; lastKnownFileType = sourcecode.swift; path = SceneDelegate.swift; sourceTree = "<group>"; };
		0C7E95E52835B3D6005F78A3 /* Assets.xcassets */ = {isa = PBXFileReference; lastKnownFileType = folder.assetcatalog; path = Assets.xcassets; sourceTree = "<group>"; };
		0C7E95E82835B3D6005F78A3 /* Base */ = {isa = PBXFileReference; lastKnownFileType = file.storyboard; name = Base; path = Base.lproj/LaunchScreen.storyboard; sourceTree = "<group>"; };
		0C7E95EA2835B3D6005F78A3 /* Info.plist */ = {isa = PBXFileReference; lastKnownFileType = text.plist.xml; path = Info.plist; sourceTree = "<group>"; };
		0C7E95EF2835B3D6005F78A3 /* LangAppTests.xctest */ = {isa = PBXFileReference; explicitFileType = wrapper.cfbundle; includeInIndex = 0; path = LangAppTests.xctest; sourceTree = BUILT_PRODUCTS_DIR; };
		0C7E95F32835B3D6005F78A3 /* LangAppTests.swift */ = {isa = PBXFileReference; lastKnownFileType = sourcecode.swift; path = LangAppTests.swift; sourceTree = "<group>"; };
		0C7E95F92835B3D6005F78A3 /* LangAppUITests.xctest */ = {isa = PBXFileReference; explicitFileType = wrapper.cfbundle; includeInIndex = 0; path = LangAppUITests.xctest; sourceTree = BUILT_PRODUCTS_DIR; };
		0C7E95FD2835B3D6005F78A3 /* LangAppUITests.swift */ = {isa = PBXFileReference; lastKnownFileType = sourcecode.swift; path = LangAppUITests.swift; sourceTree = "<group>"; };
		0C7E95FF2835B3D6005F78A3 /* LangAppUITestsLaunchTests.swift */ = {isa = PBXFileReference; lastKnownFileType = sourcecode.swift; path = LangAppUITestsLaunchTests.swift; sourceTree = "<group>"; };
		0C7E96122835BFEE005F78A3 /* TabBarViewController.swift */ = {isa = PBXFileReference; lastKnownFileType = sourcecode.swift; path = TabBarViewController.swift; sourceTree = "<group>"; };
		0C7E96142837E512005F78A3 /* UI+Image.swift */ = {isa = PBXFileReference; lastKnownFileType = sourcecode.swift; path = "UI+Image.swift"; sourceTree = "<group>"; };
		0C7E96162837E9C8005F78A3 /* NewsViewController.swift */ = {isa = PBXFileReference; lastKnownFileType = sourcecode.swift; path = NewsViewController.swift; sourceTree = "<group>"; };
		0C7E96182837EA1F005F78A3 /* VideoViewController.swift */ = {isa = PBXFileReference; lastKnownFileType = sourcecode.swift; path = VideoViewController.swift; sourceTree = "<group>"; };
		0C7E961A2837EA47005F78A3 /* PodcastViewController.swift */ = {isa = PBXFileReference; lastKnownFileType = sourcecode.swift; path = PodcastViewController.swift; sourceTree = "<group>"; };
		0C7E961C2837EA65005F78A3 /* MusicViewController.swift */ = {isa = PBXFileReference; lastKnownFileType = sourcecode.swift; path = MusicViewController.swift; sourceTree = "<group>"; };
		0C7E961F2837F685005F78A3 /* Base */ = {isa = PBXFileReference; lastKnownFileType = file.storyboard; name = Base; path = Base.lproj/Main.storyboard; sourceTree = "<group>"; };
		0C8BDB0F285EBB8B00067A66 /* AppReducer+interactorReducer.swift */ = {isa = PBXFileReference; lastKnownFileType = sourcecode.swift; path = "AppReducer+interactorReducer.swift"; sourceTree = "<group>"; };
		0C8F0C3D2855887900FD95CE /* State+newsState.swift */ = {isa = PBXFileReference; lastKnownFileType = sourcecode.swift; path = "State+newsState.swift"; sourceTree = "<group>"; };
		0CBF1654285D097D00A2437F /* ArticleService.swift */ = {isa = PBXFileReference; fileEncoding = 4; lastKnownFileType = sourcecode.swift; path = ArticleService.swift; sourceTree = "<group>"; };
		0CBF1656285D097D00A2437F /* ArticlesModel.swift */ = {isa = PBXFileReference; fileEncoding = 4; lastKnownFileType = sourcecode.swift; path = ArticlesModel.swift; sourceTree = "<group>"; };
		0CBF165A285D23AE00A2437F /* NewsViewModel.swift */ = {isa = PBXFileReference; lastKnownFileType = sourcecode.swift; path = NewsViewModel.swift; sourceTree = "<group>"; };
		0CBF165C285D276E00A2437F /* TabBarViewModel.swift */ = {isa = PBXFileReference; lastKnownFileType = sourcecode.swift; path = TabBarViewModel.swift; sourceTree = "<group>"; };
		0CBF165E285D2F5E00A2437F /* AppAction.swift */ = {isa = PBXFileReference; lastKnownFileType = sourcecode.swift; path = AppAction.swift; sourceTree = "<group>"; };
		0CBF1660285D337100A2437F /* AppReducer.swift */ = {isa = PBXFileReference; lastKnownFileType = sourcecode.swift; path = AppReducer.swift; sourceTree = "<group>"; };
		0CBF1662285D34AD00A2437F /* AppReducer+tabBarReducer.swift */ = {isa = PBXFileReference; lastKnownFileType = sourcecode.swift; path = "AppReducer+tabBarReducer.swift"; sourceTree = "<group>"; };
		0CBF1664285D356100A2437F /* State+tabBarState.swift */ = {isa = PBXFileReference; lastKnownFileType = sourcecode.swift; path = "State+tabBarState.swift"; sourceTree = "<group>"; };
		0CBF1666285D5A9700A2437F /* State+networkState.swift */ = {isa = PBXFileReference; lastKnownFileType = sourcecode.swift; path = "State+networkState.swift"; sourceTree = "<group>"; };
		0CBF1668285D5C1F00A2437F /* Interactor.swift */ = {isa = PBXFileReference; lastKnownFileType = sourcecode.swift; path = Interactor.swift; sourceTree = "<group>"; };
		1E036F3F67AAF6CB85FC72C2 /* Pods-LangApp-LangAppUITests.release.xcconfig */ = {isa = PBXFileReference; includeInIndex = 1; lastKnownFileType = text.xcconfig; name = "Pods-LangApp-LangAppUITests.release.xcconfig"; path = "Target Support Files/Pods-LangApp-LangAppUITests/Pods-LangApp-LangAppUITests.release.xcconfig"; sourceTree = "<group>"; };
		4D9634AC7EB082F29FAB700E /* Pods-LangApp-LangAppTests.release.xcconfig */ = {isa = PBXFileReference; includeInIndex = 1; lastKnownFileType = text.xcconfig; name = "Pods-LangApp-LangAppTests.release.xcconfig"; path = "Target Support Files/Pods-LangApp-LangAppTests/Pods-LangApp-LangAppTests.release.xcconfig"; sourceTree = "<group>"; };
		57B33C3F1AAEC656C55C4547 /* Pods_LangApp_LangAppUITests.framework */ = {isa = PBXFileReference; explicitFileType = wrapper.framework; includeInIndex = 0; path = Pods_LangApp_LangAppUITests.framework; sourceTree = BUILT_PRODUCTS_DIR; };
		59E2BA75F52592BD715E1F0A /* Pods-LangApp.release.xcconfig */ = {isa = PBXFileReference; includeInIndex = 1; lastKnownFileType = text.xcconfig; name = "Pods-LangApp.release.xcconfig"; path = "Target Support Files/Pods-LangApp/Pods-LangApp.release.xcconfig"; sourceTree = "<group>"; };
		74AF29673DC276D6EDA7E4B0 /* Pods-LangApp-LangAppTests.debug.xcconfig */ = {isa = PBXFileReference; includeInIndex = 1; lastKnownFileType = text.xcconfig; name = "Pods-LangApp-LangAppTests.debug.xcconfig"; path = "Target Support Files/Pods-LangApp-LangAppTests/Pods-LangApp-LangAppTests.debug.xcconfig"; sourceTree = "<group>"; };
		80F0A47CFBFBCC3F3DA28464 /* Pods_LangApp_LangAppTests.framework */ = {isa = PBXFileReference; explicitFileType = wrapper.framework; includeInIndex = 0; path = Pods_LangApp_LangAppTests.framework; sourceTree = BUILT_PRODUCTS_DIR; };
		8A53B56A5B39A3BBF3D1DF60 /* Pods-LangApp.debug.xcconfig */ = {isa = PBXFileReference; includeInIndex = 1; lastKnownFileType = text.xcconfig; name = "Pods-LangApp.debug.xcconfig"; path = "Target Support Files/Pods-LangApp/Pods-LangApp.debug.xcconfig"; sourceTree = "<group>"; };
		CC289AC12A8F50856D116915 /* Pods-LangApp-LangAppUITests.debug.xcconfig */ = {isa = PBXFileReference; includeInIndex = 1; lastKnownFileType = text.xcconfig; name = "Pods-LangApp-LangAppUITests.debug.xcconfig"; path = "Target Support Files/Pods-LangApp-LangAppUITests/Pods-LangApp-LangAppUITests.debug.xcconfig"; sourceTree = "<group>"; };
		D72447E27F31AEFFC814354C /* Pods_LangApp.framework */ = {isa = PBXFileReference; explicitFileType = wrapper.framework; includeInIndex = 0; path = Pods_LangApp.framework; sourceTree = BUILT_PRODUCTS_DIR; };
/* End PBXFileReference section */

/* Begin PBXFrameworksBuildPhase section */
		0C7E95D62835B3D2005F78A3 /* Frameworks */ = {
			isa = PBXFrameworksBuildPhase;
			buildActionMask = 2147483647;
			files = (
				88F86EA2D7F58C08491502B9 /* Pods_LangApp.framework in Frameworks */,
			);
			runOnlyForDeploymentPostprocessing = 0;
		};
		0C7E95EC2835B3D6005F78A3 /* Frameworks */ = {
			isa = PBXFrameworksBuildPhase;
			buildActionMask = 2147483647;
			files = (
				7CFF1E22491ACE9D02D2ECE2 /* Pods_LangApp_LangAppTests.framework in Frameworks */,
			);
			runOnlyForDeploymentPostprocessing = 0;
		};
		0C7E95F62835B3D6005F78A3 /* Frameworks */ = {
			isa = PBXFrameworksBuildPhase;
			buildActionMask = 2147483647;
			files = (
				AA559A2D18E7D624D0FFD345 /* Pods_LangApp_LangAppUITests.framework in Frameworks */,
			);
			runOnlyForDeploymentPostprocessing = 0;
		};
/* End PBXFrameworksBuildPhase section */

/* Begin PBXGroup section */
		0C68F1F328960243002D3F82 /* Video */ = {
			isa = PBXGroup;
			children = (
				0C7E96182837EA1F005F78A3 /* VideoViewController.swift */,
				0C68F1FE2896103B002D3F82 /* VideoChannelPicker.swift */,
			);
			path = Video;
			sourceTree = "<group>";
		};
		0C68F1F6289602D1002D3F82 /* Video */ = {
			isa = PBXGroup;
			children = (
				0C68F206289A0A8F002D3F82 /* VideoChannelViewModel.swift */,
			);
			path = Video;
			sourceTree = "<group>";
		};
		0C68F1FA28960750002D3F82 /* UI */ = {
			isa = PBXGroup;
			children = (
				0C7E96142837E512005F78A3 /* UI+Image.swift */,
				0C68F1FB28960779002D3F82 /* Common */,
			);
			path = UI;
			sourceTree = "<group>";
		};
		0C68F1FB28960779002D3F82 /* Common */ = {
			isa = PBXGroup;
			children = (
				0C68F1FC289607A6002D3F82 /* UIImageView.swift */,
				0C68F202289728D6002D3F82 /* SearchBar.swift */,
			);
			path = Common;
			sourceTree = "<group>";
		};
		0C7C03A9283986B600E673F0 /* Network */ = {
			isa = PBXGroup;
			children = (
				0CBF1655285D097D00A2437F /* Model */,
				0CBF1653285D097D00A2437F /* Service */,
				0CBF1668285D5C1F00A2437F /* Interactor.swift */,
			);
			path = Network;
			sourceTree = "<group>";
		};
		0C7C03AC2839888B00E673F0 /* News */ = {
			isa = PBXGroup;
			children = (
				0C7E96162837E9C8005F78A3 /* NewsViewController.swift */,
			);
			path = News;
			sourceTree = "<group>";
		};
		0C7E95D02835B3D2005F78A3 = {
			isa = PBXGroup;
			children = (
				0C7E95DB2835B3D2005F78A3 /* LangApp */,
				0C7E95F22835B3D6005F78A3 /* LangAppTests */,
				0C7E95FC2835B3D6005F78A3 /* LangAppUITests */,
				0C7E95DA2835B3D2005F78A3 /* Products */,
				27AEF324BED7BD1B5608A6A2 /* Pods */,
				49B43E3831C65E0C03A12BE6 /* Frameworks */,
			);
			sourceTree = "<group>";
		};
		0C7E95DA2835B3D2005F78A3 /* Products */ = {
			isa = PBXGroup;
			children = (
				0C7E95D92835B3D2005F78A3 /* LangApp.app */,
				0C7E95EF2835B3D6005F78A3 /* LangAppTests.xctest */,
				0C7E95F92835B3D6005F78A3 /* LangAppUITests.xctest */,
			);
			name = Products;
			sourceTree = "<group>";
		};
		0C7E95DB2835B3D2005F78A3 /* LangApp */ = {
			isa = PBXGroup;
			children = (
				0C7E95EA2835B3D6005F78A3 /* Info.plist */,
				0C7E95DC2835B3D2005F78A3 /* AppDelegate.swift */,
				0C7E95DE2835B3D2005F78A3 /* SceneDelegate.swift */,
				0C7E95E52835B3D6005F78A3 /* Assets.xcassets */,
				0C7E96112835B683005F78A3 /* CustomCell */,
				0C7E95E72835B3D6005F78A3 /* LaunchScreen.storyboard */,
				0C7E961E2837F685005F78A3 /* Main.storyboard */,
				0C7C03A9283986B600E673F0 /* Network */,
				0C7E960D2835B4DF005F78A3 /* Redux */,
				0C68F1FA28960750002D3F82 /* UI */,
				0C7E960C2835B4CF005F78A3 /* ViewController */,
				0C7E96102835B51A005F78A3 /* ViewModel */,
			);
			path = LangApp;
			sourceTree = "<group>";
		};
		0C7E95F22835B3D6005F78A3 /* LangAppTests */ = {
			isa = PBXGroup;
			children = (
				0C7E95F32835B3D6005F78A3 /* LangAppTests.swift */,
			);
			path = LangAppTests;
			sourceTree = "<group>";
		};
		0C7E95FC2835B3D6005F78A3 /* LangAppUITests */ = {
			isa = PBXGroup;
			children = (
				0C7E95FD2835B3D6005F78A3 /* LangAppUITests.swift */,
				0C7E95FF2835B3D6005F78A3 /* LangAppUITestsLaunchTests.swift */,
			);
			path = LangAppUITests;
			sourceTree = "<group>";
		};
		0C7E960C2835B4CF005F78A3 /* ViewController */ = {
			isa = PBXGroup;
			children = (
				0C68F1F328960243002D3F82 /* Video */,
				0C7C03AC2839888B00E673F0 /* News */,
				0C7E96122835BFEE005F78A3 /* TabBarViewController.swift */,
				0C7E961A2837EA47005F78A3 /* PodcastViewController.swift */,
				0C7E961C2837EA65005F78A3 /* MusicViewController.swift */,
			);
			path = ViewController;
			sourceTree = "<group>";
		};
		0C7E960D2835B4DF005F78A3 /* Redux */ = {
			isa = PBXGroup;
			children = (
				0C7E960F2835B4F9005F78A3 /* Reducer */,
				0C7E960E2835B4F3005F78A3 /* State */,
				0CBF165E285D2F5E00A2437F /* AppAction.swift */,
			);
			path = Redux;
			sourceTree = "<group>";
		};
		0C7E960E2835B4F3005F78A3 /* State */ = {
			isa = PBXGroup;
			children = (
				0C7C03AA283987C400E673F0 /* State.swift */,
				0CBF1666285D5A9700A2437F /* State+networkState.swift */,
				0C8F0C3D2855887900FD95CE /* State+newsState.swift */,
				0CBF1664285D356100A2437F /* State+tabBarState.swift */,
				0C68F2042899827D002D3F82 /* State+videoChannelPickerState.swift */,
			);
			path = State;
			sourceTree = "<group>";
		};
		0C7E960F2835B4F9005F78A3 /* Reducer */ = {
			isa = PBXGroup;
			children = (
				0CBF1660285D337100A2437F /* AppReducer.swift */,
				0CBF1662285D34AD00A2437F /* AppReducer+tabBarReducer.swift */,
				0C8BDB0F285EBB8B00067A66 /* AppReducer+interactorReducer.swift */,
			);
			path = Reducer;
			sourceTree = "<group>";
		};
		0C7E96102835B51A005F78A3 /* ViewModel */ = {
			isa = PBXGroup;
			children = (
				0C68F1F6289602D1002D3F82 /* Video */,
				0CBF1659285D238800A2437F /* News */,
				0CBF165C285D276E00A2437F /* TabBarViewModel.swift */,
			);
			path = ViewModel;
			sourceTree = "<group>";
		};
		0C7E96112835B683005F78A3 /* CustomCell */ = {
			isa = PBXGroup;
			children = (
				0C7C03AD2839896F00E673F0 /* NewsTableViewCell.swift */,
				0C7C03AF283989A200E673F0 /* NewsCollectionViewCell.swift */,
				0C68F1F428960289002D3F82 /* VideoSubscriptionTableViewCell.swift */,
				0C68F1F828960348002D3F82 /* VideoSubscriptionCellModel.swift */,
			);
			path = CustomCell;
			sourceTree = "<group>";
		};
		0CBF1653285D097D00A2437F /* Service */ = {
			isa = PBXGroup;
			children = (
				0CBF1654285D097D00A2437F /* ArticleService.swift */,
			);
			name = Service;
			path = LangApp/Network/Service;
			sourceTree = SOURCE_ROOT;
		};
		0CBF1655285D097D00A2437F /* Model */ = {
			isa = PBXGroup;
			children = (
				0CBF1656285D097D00A2437F /* ArticlesModel.swift */,
			);
			name = Model;
			path = LangApp/Network/Model;
			sourceTree = SOURCE_ROOT;
		};
		0CBF1659285D238800A2437F /* News */ = {
			isa = PBXGroup;
			children = (
				0CBF165A285D23AE00A2437F /* NewsViewModel.swift */,
			);
			path = News;
			sourceTree = "<group>";
		};
		27AEF324BED7BD1B5608A6A2 /* Pods */ = {
			isa = PBXGroup;
			children = (
				8A53B56A5B39A3BBF3D1DF60 /* Pods-LangApp.debug.xcconfig */,
				59E2BA75F52592BD715E1F0A /* Pods-LangApp.release.xcconfig */,
				74AF29673DC276D6EDA7E4B0 /* Pods-LangApp-LangAppTests.debug.xcconfig */,
				4D9634AC7EB082F29FAB700E /* Pods-LangApp-LangAppTests.release.xcconfig */,
				CC289AC12A8F50856D116915 /* Pods-LangApp-LangAppUITests.debug.xcconfig */,
				1E036F3F67AAF6CB85FC72C2 /* Pods-LangApp-LangAppUITests.release.xcconfig */,
			);
			path = Pods;
			sourceTree = "<group>";
		};
		49B43E3831C65E0C03A12BE6 /* Frameworks */ = {
			isa = PBXGroup;
			children = (
				D72447E27F31AEFFC814354C /* Pods_LangApp.framework */,
				80F0A47CFBFBCC3F3DA28464 /* Pods_LangApp_LangAppTests.framework */,
				57B33C3F1AAEC656C55C4547 /* Pods_LangApp_LangAppUITests.framework */,
			);
			name = Frameworks;
			sourceTree = "<group>";
		};
/* End PBXGroup section */

/* Begin PBXNativeTarget section */
		0C7E95D82835B3D2005F78A3 /* LangApp */ = {
			isa = PBXNativeTarget;
			buildConfigurationList = 0C7E96032835B3D6005F78A3 /* Build configuration list for PBXNativeTarget "LangApp" */;
			buildPhases = (
				94536188C606D6A3507A76D0 /* [CP] Check Pods Manifest.lock */,
				0C7E95D52835B3D2005F78A3 /* Sources */,
				0C7E95D62835B3D2005F78A3 /* Frameworks */,
				0C7E95D72835B3D2005F78A3 /* Resources */,
				42FF0390EA10A5C91836B9C4 /* [CP] Embed Pods Frameworks */,
			);
			buildRules = (
			);
			dependencies = (
			);
			name = LangApp;
			productName = LangApp;
			productReference = 0C7E95D92835B3D2005F78A3 /* LangApp.app */;
			productType = "com.apple.product-type.application";
		};
		0C7E95EE2835B3D6005F78A3 /* LangAppTests */ = {
			isa = PBXNativeTarget;
			buildConfigurationList = 0C7E96062835B3D6005F78A3 /* Build configuration list for PBXNativeTarget "LangAppTests" */;
			buildPhases = (
				9F9768509628C40CB5B57FEB /* [CP] Check Pods Manifest.lock */,
				0C7E95EB2835B3D6005F78A3 /* Sources */,
				0C7E95EC2835B3D6005F78A3 /* Frameworks */,
				0C7E95ED2835B3D6005F78A3 /* Resources */,
				A89123D9BF3B8209B94DF8E9 /* [CP] Embed Pods Frameworks */,
			);
			buildRules = (
			);
			dependencies = (
				0C7E95F12835B3D6005F78A3 /* PBXTargetDependency */,
			);
			name = LangAppTests;
			productName = LangAppTests;
			productReference = 0C7E95EF2835B3D6005F78A3 /* LangAppTests.xctest */;
			productType = "com.apple.product-type.bundle.unit-test";
		};
		0C7E95F82835B3D6005F78A3 /* LangAppUITests */ = {
			isa = PBXNativeTarget;
			buildConfigurationList = 0C7E96092835B3D6005F78A3 /* Build configuration list for PBXNativeTarget "LangAppUITests" */;
			buildPhases = (
				27E217C8E85B2FA51739B86D /* [CP] Check Pods Manifest.lock */,
				0C7E95F52835B3D6005F78A3 /* Sources */,
				0C7E95F62835B3D6005F78A3 /* Frameworks */,
				0C7E95F72835B3D6005F78A3 /* Resources */,
				A53CE696B9E1A40B3B511762 /* [CP] Embed Pods Frameworks */,
			);
			buildRules = (
			);
			dependencies = (
				0C7E95FB2835B3D6005F78A3 /* PBXTargetDependency */,
			);
			name = LangAppUITests;
			productName = LangAppUITests;
			productReference = 0C7E95F92835B3D6005F78A3 /* LangAppUITests.xctest */;
			productType = "com.apple.product-type.bundle.ui-testing";
		};
/* End PBXNativeTarget section */

/* Begin PBXProject section */
		0C7E95D12835B3D2005F78A3 /* Project object */ = {
			isa = PBXProject;
			attributes = {
				BuildIndependentTargetsInParallel = 1;
				LastSwiftUpdateCheck = 1330;
				LastUpgradeCheck = 1330;
				TargetAttributes = {
					0C7E95D82835B3D2005F78A3 = {
						CreatedOnToolsVersion = 13.3.1;
					};
					0C7E95EE2835B3D6005F78A3 = {
						CreatedOnToolsVersion = 13.3.1;
						TestTargetID = 0C7E95D82835B3D2005F78A3;
					};
					0C7E95F82835B3D6005F78A3 = {
						CreatedOnToolsVersion = 13.3.1;
						TestTargetID = 0C7E95D82835B3D2005F78A3;
					};
				};
			};
			buildConfigurationList = 0C7E95D42835B3D2005F78A3 /* Build configuration list for PBXProject "LangApp" */;
			compatibilityVersion = "Xcode 13.0";
			developmentRegion = en;
			hasScannedForEncodings = 0;
			knownRegions = (
				en,
				Base,
			);
			mainGroup = 0C7E95D02835B3D2005F78A3;
			productRefGroup = 0C7E95DA2835B3D2005F78A3 /* Products */;
			projectDirPath = "";
			projectRoot = "";
			targets = (
				0C7E95D82835B3D2005F78A3 /* LangApp */,
				0C7E95EE2835B3D6005F78A3 /* LangAppTests */,
				0C7E95F82835B3D6005F78A3 /* LangAppUITests */,
			);
		};
/* End PBXProject section */

/* Begin PBXResourcesBuildPhase section */
		0C7E95D72835B3D2005F78A3 /* Resources */ = {
			isa = PBXResourcesBuildPhase;
			buildActionMask = 2147483647;
			files = (
				0C7E96202837F685005F78A3 /* Main.storyboard in Resources */,
				0C7E95E92835B3D6005F78A3 /* LaunchScreen.storyboard in Resources */,
				0C7E95E62835B3D6005F78A3 /* Assets.xcassets in Resources */,
			);
			runOnlyForDeploymentPostprocessing = 0;
		};
		0C7E95ED2835B3D6005F78A3 /* Resources */ = {
			isa = PBXResourcesBuildPhase;
			buildActionMask = 2147483647;
			files = (
			);
			runOnlyForDeploymentPostprocessing = 0;
		};
		0C7E95F72835B3D6005F78A3 /* Resources */ = {
			isa = PBXResourcesBuildPhase;
			buildActionMask = 2147483647;
			files = (
			);
			runOnlyForDeploymentPostprocessing = 0;
		};
/* End PBXResourcesBuildPhase section */

/* Begin PBXShellScriptBuildPhase section */
		27E217C8E85B2FA51739B86D /* [CP] Check Pods Manifest.lock */ = {
			isa = PBXShellScriptBuildPhase;
			buildActionMask = 2147483647;
			files = (
			);
			inputFileListPaths = (
			);
			inputPaths = (
				"${PODS_PODFILE_DIR_PATH}/Podfile.lock",
				"${PODS_ROOT}/Manifest.lock",
			);
			name = "[CP] Check Pods Manifest.lock";
			outputFileListPaths = (
			);
			outputPaths = (
				"$(DERIVED_FILE_DIR)/Pods-LangApp-LangAppUITests-checkManifestLockResult.txt",
			);
			runOnlyForDeploymentPostprocessing = 0;
			shellPath = /bin/sh;
			shellScript = "diff \"${PODS_PODFILE_DIR_PATH}/Podfile.lock\" \"${PODS_ROOT}/Manifest.lock\" > /dev/null\nif [ $? != 0 ] ; then\n    # print error to STDERR\n    echo \"error: The sandbox is not in sync with the Podfile.lock. Run 'pod install' or update your CocoaPods installation.\" >&2\n    exit 1\nfi\n# This output is used by Xcode 'outputs' to avoid re-running this script phase.\necho \"SUCCESS\" > \"${SCRIPT_OUTPUT_FILE_0}\"\n";
			showEnvVarsInLog = 0;
		};
		42FF0390EA10A5C91836B9C4 /* [CP] Embed Pods Frameworks */ = {
			isa = PBXShellScriptBuildPhase;
			buildActionMask = 2147483647;
			files = (
			);
			inputFileListPaths = (
				"${PODS_ROOT}/Target Support Files/Pods-LangApp/Pods-LangApp-frameworks-${CONFIGURATION}-input-files.xcfilelist",
			);
			name = "[CP] Embed Pods Frameworks";
			outputFileListPaths = (
				"${PODS_ROOT}/Target Support Files/Pods-LangApp/Pods-LangApp-frameworks-${CONFIGURATION}-output-files.xcfilelist",
			);
			runOnlyForDeploymentPostprocessing = 0;
			shellPath = /bin/sh;
			shellScript = "\"${PODS_ROOT}/Target Support Files/Pods-LangApp/Pods-LangApp-frameworks.sh\"\n";
			showEnvVarsInLog = 0;
		};
		94536188C606D6A3507A76D0 /* [CP] Check Pods Manifest.lock */ = {
			isa = PBXShellScriptBuildPhase;
			buildActionMask = 2147483647;
			files = (
			);
			inputFileListPaths = (
			);
			inputPaths = (
				"${PODS_PODFILE_DIR_PATH}/Podfile.lock",
				"${PODS_ROOT}/Manifest.lock",
			);
			name = "[CP] Check Pods Manifest.lock";
			outputFileListPaths = (
			);
			outputPaths = (
				"$(DERIVED_FILE_DIR)/Pods-LangApp-checkManifestLockResult.txt",
			);
			runOnlyForDeploymentPostprocessing = 0;
			shellPath = /bin/sh;
			shellScript = "diff \"${PODS_PODFILE_DIR_PATH}/Podfile.lock\" \"${PODS_ROOT}/Manifest.lock\" > /dev/null\nif [ $? != 0 ] ; then\n    # print error to STDERR\n    echo \"error: The sandbox is not in sync with the Podfile.lock. Run 'pod install' or update your CocoaPods installation.\" >&2\n    exit 1\nfi\n# This output is used by Xcode 'outputs' to avoid re-running this script phase.\necho \"SUCCESS\" > \"${SCRIPT_OUTPUT_FILE_0}\"\n";
			showEnvVarsInLog = 0;
		};
		9F9768509628C40CB5B57FEB /* [CP] Check Pods Manifest.lock */ = {
			isa = PBXShellScriptBuildPhase;
			buildActionMask = 2147483647;
			files = (
			);
			inputFileListPaths = (
			);
			inputPaths = (
				"${PODS_PODFILE_DIR_PATH}/Podfile.lock",
				"${PODS_ROOT}/Manifest.lock",
			);
			name = "[CP] Check Pods Manifest.lock";
			outputFileListPaths = (
			);
			outputPaths = (
				"$(DERIVED_FILE_DIR)/Pods-LangApp-LangAppTests-checkManifestLockResult.txt",
			);
			runOnlyForDeploymentPostprocessing = 0;
			shellPath = /bin/sh;
			shellScript = "diff \"${PODS_PODFILE_DIR_PATH}/Podfile.lock\" \"${PODS_ROOT}/Manifest.lock\" > /dev/null\nif [ $? != 0 ] ; then\n    # print error to STDERR\n    echo \"error: The sandbox is not in sync with the Podfile.lock. Run 'pod install' or update your CocoaPods installation.\" >&2\n    exit 1\nfi\n# This output is used by Xcode 'outputs' to avoid re-running this script phase.\necho \"SUCCESS\" > \"${SCRIPT_OUTPUT_FILE_0}\"\n";
			showEnvVarsInLog = 0;
		};
		A53CE696B9E1A40B3B511762 /* [CP] Embed Pods Frameworks */ = {
			isa = PBXShellScriptBuildPhase;
			buildActionMask = 2147483647;
			files = (
			);
			inputFileListPaths = (
				"${PODS_ROOT}/Target Support Files/Pods-LangApp-LangAppUITests/Pods-LangApp-LangAppUITests-frameworks-${CONFIGURATION}-input-files.xcfilelist",
			);
			name = "[CP] Embed Pods Frameworks";
			outputFileListPaths = (
				"${PODS_ROOT}/Target Support Files/Pods-LangApp-LangAppUITests/Pods-LangApp-LangAppUITests-frameworks-${CONFIGURATION}-output-files.xcfilelist",
			);
			runOnlyForDeploymentPostprocessing = 0;
			shellPath = /bin/sh;
			shellScript = "\"${PODS_ROOT}/Target Support Files/Pods-LangApp-LangAppUITests/Pods-LangApp-LangAppUITests-frameworks.sh\"\n";
			showEnvVarsInLog = 0;
		};
		A89123D9BF3B8209B94DF8E9 /* [CP] Embed Pods Frameworks */ = {
			isa = PBXShellScriptBuildPhase;
			buildActionMask = 2147483647;
			files = (
			);
			inputFileListPaths = (
				"${PODS_ROOT}/Target Support Files/Pods-LangApp-LangAppTests/Pods-LangApp-LangAppTests-frameworks-${CONFIGURATION}-input-files.xcfilelist",
			);
			name = "[CP] Embed Pods Frameworks";
			outputFileListPaths = (
				"${PODS_ROOT}/Target Support Files/Pods-LangApp-LangAppTests/Pods-LangApp-LangAppTests-frameworks-${CONFIGURATION}-output-files.xcfilelist",
			);
			runOnlyForDeploymentPostprocessing = 0;
			shellPath = /bin/sh;
			shellScript = "\"${PODS_ROOT}/Target Support Files/Pods-LangApp-LangAppTests/Pods-LangApp-LangAppTests-frameworks.sh\"\n";
			showEnvVarsInLog = 0;
		};
/* End PBXShellScriptBuildPhase section */

/* Begin PBXSourcesBuildPhase section */
		0C7E95D52835B3D2005F78A3 /* Sources */ = {
			isa = PBXSourcesBuildPhase;
			buildActionMask = 2147483647;
			files = (
				0CBF1663285D34AD00A2437F /* AppReducer+tabBarReducer.swift in Sources */,
				0C68F2052899827D002D3F82 /* State+videoChannelPickerState.swift in Sources */,
				0C7E96152837E512005F78A3 /* UI+Image.swift in Sources */,
				0CBF1669285D5C1F00A2437F /* Interactor.swift in Sources */,
				0C7E96192837EA1F005F78A3 /* VideoViewController.swift in Sources */,
				0C8F0C3E2855887900FD95CE /* State+newsState.swift in Sources */,
				0CBF1657285D097D00A2437F /* ArticleService.swift in Sources */,
				0C7C03AE2839896F00E673F0 /* NewsTableViewCell.swift in Sources */,
				0CBF165D285D276E00A2437F /* TabBarViewModel.swift in Sources */,
				0CBF1665285D356100A2437F /* State+tabBarState.swift in Sources */,
				0C68F1F928960348002D3F82 /* VideoSubscriptionCellModel.swift in Sources */,
				0C7C03B0283989A200E673F0 /* NewsCollectionViewCell.swift in Sources */,
				0C7E961B2837EA47005F78A3 /* PodcastViewController.swift in Sources */,
				0CBF165B285D23AE00A2437F /* NewsViewModel.swift in Sources */,
				0C7E95DD2835B3D2005F78A3 /* AppDelegate.swift in Sources */,
				0CBF1667285D5A9700A2437F /* State+networkState.swift in Sources */,
				0CBF1658285D097D00A2437F /* ArticlesModel.swift in Sources */,
				0C68F1FD289607A6002D3F82 /* UIImageView.swift in Sources */,
				0C7E96172837E9C8005F78A3 /* NewsViewController.swift in Sources */,
				0C8BDB10285EBB8B00067A66 /* AppReducer+interactorReducer.swift in Sources */,
				0CBF1661285D337100A2437F /* AppReducer.swift in Sources */,
				0C68F1FF2896103B002D3F82 /* VideoChannelPicker.swift in Sources */,
				0C68F203289728D6002D3F82 /* SearchBar.swift in Sources */,
				0C7C03AB283987C400E673F0 /* State.swift in Sources */,
				0C68F207289A0A8F002D3F82 /* VideoChannelViewModel.swift in Sources */,
				0CBF165F285D2F5E00A2437F /* AppAction.swift in Sources */,
				0C7E961D2837EA65005F78A3 /* MusicViewController.swift in Sources */,
				0C7E95DF2835B3D2005F78A3 /* SceneDelegate.swift in Sources */,
				0C68F1F528960289002D3F82 /* VideoSubscriptionTableViewCell.swift in Sources */,
				0C7E96132835BFEE005F78A3 /* TabBarViewController.swift in Sources */,
			);
			runOnlyForDeploymentPostprocessing = 0;
		};
		0C7E95EB2835B3D6005F78A3 /* Sources */ = {
			isa = PBXSourcesBuildPhase;
			buildActionMask = 2147483647;
			files = (
				0C7E95F42835B3D6005F78A3 /* LangAppTests.swift in Sources */,
			);
			runOnlyForDeploymentPostprocessing = 0;
		};
		0C7E95F52835B3D6005F78A3 /* Sources */ = {
			isa = PBXSourcesBuildPhase;
			buildActionMask = 2147483647;
			files = (
				0C7E96002835B3D6005F78A3 /* LangAppUITestsLaunchTests.swift in Sources */,
				0C7E95FE2835B3D6005F78A3 /* LangAppUITests.swift in Sources */,
			);
			runOnlyForDeploymentPostprocessing = 0;
		};
/* End PBXSourcesBuildPhase section */

/* Begin PBXTargetDependency section */
		0C7E95F12835B3D6005F78A3 /* PBXTargetDependency */ = {
			isa = PBXTargetDependency;
			target = 0C7E95D82835B3D2005F78A3 /* LangApp */;
			targetProxy = 0C7E95F02835B3D6005F78A3 /* PBXContainerItemProxy */;
		};
		0C7E95FB2835B3D6005F78A3 /* PBXTargetDependency */ = {
			isa = PBXTargetDependency;
			target = 0C7E95D82835B3D2005F78A3 /* LangApp */;
			targetProxy = 0C7E95FA2835B3D6005F78A3 /* PBXContainerItemProxy */;
		};
/* End PBXTargetDependency section */

/* Begin PBXVariantGroup section */
		0C7E95E72835B3D6005F78A3 /* LaunchScreen.storyboard */ = {
			isa = PBXVariantGroup;
			children = (
				0C7E95E82835B3D6005F78A3 /* Base */,
			);
			name = LaunchScreen.storyboard;
			sourceTree = "<group>";
		};
		0C7E961E2837F685005F78A3 /* Main.storyboard */ = {
			isa = PBXVariantGroup;
			children = (
				0C7E961F2837F685005F78A3 /* Base */,
			);
			name = Main.storyboard;
			sourceTree = "<group>";
		};
/* End PBXVariantGroup section */

/* Begin XCBuildConfiguration section */
		0C7E96012835B3D6005F78A3 /* Debug */ = {
			isa = XCBuildConfiguration;
			buildSettings = {
				ALWAYS_SEARCH_USER_PATHS = NO;
				CLANG_ANALYZER_NONNULL = YES;
				CLANG_ANALYZER_NUMBER_OBJECT_CONVERSION = YES_AGGRESSIVE;
				CLANG_CXX_LANGUAGE_STANDARD = "gnu++17";
				CLANG_ENABLE_MODULES = YES;
				CLANG_ENABLE_OBJC_ARC = YES;
				CLANG_ENABLE_OBJC_WEAK = YES;
				CLANG_WARN_BLOCK_CAPTURE_AUTORELEASING = YES;
				CLANG_WARN_BOOL_CONVERSION = YES;
				CLANG_WARN_COMMA = YES;
				CLANG_WARN_CONSTANT_CONVERSION = YES;
				CLANG_WARN_DEPRECATED_OBJC_IMPLEMENTATIONS = YES;
				CLANG_WARN_DIRECT_OBJC_ISA_USAGE = YES_ERROR;
				CLANG_WARN_DOCUMENTATION_COMMENTS = YES;
				CLANG_WARN_EMPTY_BODY = YES;
				CLANG_WARN_ENUM_CONVERSION = YES;
				CLANG_WARN_INFINITE_RECURSION = YES;
				CLANG_WARN_INT_CONVERSION = YES;
				CLANG_WARN_NON_LITERAL_NULL_CONVERSION = YES;
				CLANG_WARN_OBJC_IMPLICIT_RETAIN_SELF = YES;
				CLANG_WARN_OBJC_LITERAL_CONVERSION = YES;
				CLANG_WARN_OBJC_ROOT_CLASS = YES_ERROR;
				CLANG_WARN_QUOTED_INCLUDE_IN_FRAMEWORK_HEADER = YES;
				CLANG_WARN_RANGE_LOOP_ANALYSIS = YES;
				CLANG_WARN_STRICT_PROTOTYPES = YES;
				CLANG_WARN_SUSPICIOUS_MOVE = YES;
				CLANG_WARN_UNGUARDED_AVAILABILITY = YES_AGGRESSIVE;
				CLANG_WARN_UNREACHABLE_CODE = YES;
				CLANG_WARN__DUPLICATE_METHOD_MATCH = YES;
				COPY_PHASE_STRIP = NO;
				DEBUG_INFORMATION_FORMAT = dwarf;
				ENABLE_STRICT_OBJC_MSGSEND = YES;
				ENABLE_TESTABILITY = YES;
				GCC_C_LANGUAGE_STANDARD = gnu11;
				GCC_DYNAMIC_NO_PIC = NO;
				GCC_NO_COMMON_BLOCKS = YES;
				GCC_OPTIMIZATION_LEVEL = 0;
				GCC_PREPROCESSOR_DEFINITIONS = (
					"DEBUG=1",
					"$(inherited)",
				);
				GCC_WARN_64_TO_32_BIT_CONVERSION = YES;
				GCC_WARN_ABOUT_RETURN_TYPE = YES_ERROR;
				GCC_WARN_UNDECLARED_SELECTOR = YES;
				GCC_WARN_UNINITIALIZED_AUTOS = YES_AGGRESSIVE;
				GCC_WARN_UNUSED_FUNCTION = YES;
				GCC_WARN_UNUSED_VARIABLE = YES;
				IPHONEOS_DEPLOYMENT_TARGET = 15.4;
				MTL_ENABLE_DEBUG_INFO = INCLUDE_SOURCE;
				MTL_FAST_MATH = YES;
				ONLY_ACTIVE_ARCH = YES;
				SDKROOT = iphoneos;
				SWIFT_ACTIVE_COMPILATION_CONDITIONS = DEBUG;
				SWIFT_OPTIMIZATION_LEVEL = "-Onone";
			};
			name = Debug;
		};
		0C7E96022835B3D6005F78A3 /* Release */ = {
			isa = XCBuildConfiguration;
			buildSettings = {
				ALWAYS_SEARCH_USER_PATHS = NO;
				CLANG_ANALYZER_NONNULL = YES;
				CLANG_ANALYZER_NUMBER_OBJECT_CONVERSION = YES_AGGRESSIVE;
				CLANG_CXX_LANGUAGE_STANDARD = "gnu++17";
				CLANG_ENABLE_MODULES = YES;
				CLANG_ENABLE_OBJC_ARC = YES;
				CLANG_ENABLE_OBJC_WEAK = YES;
				CLANG_WARN_BLOCK_CAPTURE_AUTORELEASING = YES;
				CLANG_WARN_BOOL_CONVERSION = YES;
				CLANG_WARN_COMMA = YES;
				CLANG_WARN_CONSTANT_CONVERSION = YES;
				CLANG_WARN_DEPRECATED_OBJC_IMPLEMENTATIONS = YES;
				CLANG_WARN_DIRECT_OBJC_ISA_USAGE = YES_ERROR;
				CLANG_WARN_DOCUMENTATION_COMMENTS = YES;
				CLANG_WARN_EMPTY_BODY = YES;
				CLANG_WARN_ENUM_CONVERSION = YES;
				CLANG_WARN_INFINITE_RECURSION = YES;
				CLANG_WARN_INT_CONVERSION = YES;
				CLANG_WARN_NON_LITERAL_NULL_CONVERSION = YES;
				CLANG_WARN_OBJC_IMPLICIT_RETAIN_SELF = YES;
				CLANG_WARN_OBJC_LITERAL_CONVERSION = YES;
				CLANG_WARN_OBJC_ROOT_CLASS = YES_ERROR;
				CLANG_WARN_QUOTED_INCLUDE_IN_FRAMEWORK_HEADER = YES;
				CLANG_WARN_RANGE_LOOP_ANALYSIS = YES;
				CLANG_WARN_STRICT_PROTOTYPES = YES;
				CLANG_WARN_SUSPICIOUS_MOVE = YES;
				CLANG_WARN_UNGUARDED_AVAILABILITY = YES_AGGRESSIVE;
				CLANG_WARN_UNREACHABLE_CODE = YES;
				CLANG_WARN__DUPLICATE_METHOD_MATCH = YES;
				COPY_PHASE_STRIP = NO;
				DEBUG_INFORMATION_FORMAT = "dwarf-with-dsym";
				ENABLE_NS_ASSERTIONS = NO;
				ENABLE_STRICT_OBJC_MSGSEND = YES;
				GCC_C_LANGUAGE_STANDARD = gnu11;
				GCC_NO_COMMON_BLOCKS = YES;
				GCC_WARN_64_TO_32_BIT_CONVERSION = YES;
				GCC_WARN_ABOUT_RETURN_TYPE = YES_ERROR;
				GCC_WARN_UNDECLARED_SELECTOR = YES;
				GCC_WARN_UNINITIALIZED_AUTOS = YES_AGGRESSIVE;
				GCC_WARN_UNUSED_FUNCTION = YES;
				GCC_WARN_UNUSED_VARIABLE = YES;
				IPHONEOS_DEPLOYMENT_TARGET = 15.4;
				MTL_ENABLE_DEBUG_INFO = NO;
				MTL_FAST_MATH = YES;
				SDKROOT = iphoneos;
				SWIFT_COMPILATION_MODE = wholemodule;
				SWIFT_OPTIMIZATION_LEVEL = "-O";
				VALIDATE_PRODUCT = YES;
			};
			name = Release;
		};
		0C7E96042835B3D6005F78A3 /* Debug */ = {
			isa = XCBuildConfiguration;
			baseConfigurationReference = 8A53B56A5B39A3BBF3D1DF60 /* Pods-LangApp.debug.xcconfig */;
			buildSettings = {
				ASSETCATALOG_COMPILER_APPICON_NAME = AppIcon;
				ASSETCATALOG_COMPILER_GLOBAL_ACCENT_COLOR_NAME = AccentColor;
				CODE_SIGN_STYLE = Automatic;
				CURRENT_PROJECT_VERSION = 1;
				GENERATE_INFOPLIST_FILE = YES;
				INFOPLIST_FILE = LangApp/Info.plist;
				INFOPLIST_KEY_UIApplicationSupportsIndirectInputEvents = YES;
				INFOPLIST_KEY_UILaunchStoryboardName = LaunchScreen;
				INFOPLIST_KEY_UIMainStoryboardFile = Main;
				INFOPLIST_KEY_UISupportedInterfaceOrientations_iPad = "UIInterfaceOrientationPortrait UIInterfaceOrientationPortraitUpsideDown UIInterfaceOrientationLandscapeLeft UIInterfaceOrientationLandscapeRight";
				INFOPLIST_KEY_UISupportedInterfaceOrientations_iPhone = "UIInterfaceOrientationPortrait UIInterfaceOrientationLandscapeLeft UIInterfaceOrientationLandscapeRight";
				IPHONEOS_DEPLOYMENT_TARGET = 15.0;
				LD_RUNPATH_SEARCH_PATHS = (
					"$(inherited)",
					"@executable_path/Frameworks",
				);
				MARKETING_VERSION = 1.0;
				PRODUCT_BUNDLE_IDENTIFIER = com.chi.LangApp;
				PRODUCT_NAME = "$(TARGET_NAME)";
				SWIFT_EMIT_LOC_STRINGS = YES;
				SWIFT_VERSION = 5.0;
				TARGETED_DEVICE_FAMILY = "1,2";
			};
			name = Debug;
		};
		0C7E96052835B3D6005F78A3 /* Release */ = {
			isa = XCBuildConfiguration;
			baseConfigurationReference = 59E2BA75F52592BD715E1F0A /* Pods-LangApp.release.xcconfig */;
			buildSettings = {
				ASSETCATALOG_COMPILER_APPICON_NAME = AppIcon;
				ASSETCATALOG_COMPILER_GLOBAL_ACCENT_COLOR_NAME = AccentColor;
				CODE_SIGN_STYLE = Automatic;
				CURRENT_PROJECT_VERSION = 1;
				GENERATE_INFOPLIST_FILE = YES;
				INFOPLIST_FILE = LangApp/Info.plist;
				INFOPLIST_KEY_UIApplicationSupportsIndirectInputEvents = YES;
				INFOPLIST_KEY_UILaunchStoryboardName = LaunchScreen;
				INFOPLIST_KEY_UIMainStoryboardFile = Main;
				INFOPLIST_KEY_UISupportedInterfaceOrientations_iPad = "UIInterfaceOrientationPortrait UIInterfaceOrientationPortraitUpsideDown UIInterfaceOrientationLandscapeLeft UIInterfaceOrientationLandscapeRight";
				INFOPLIST_KEY_UISupportedInterfaceOrientations_iPhone = "UIInterfaceOrientationPortrait UIInterfaceOrientationLandscapeLeft UIInterfaceOrientationLandscapeRight";
				IPHONEOS_DEPLOYMENT_TARGET = 15.0;
				LD_RUNPATH_SEARCH_PATHS = (
					"$(inherited)",
					"@executable_path/Frameworks",
				);
				MARKETING_VERSION = 1.0;
				PRODUCT_BUNDLE_IDENTIFIER = com.chi.LangApp;
				PRODUCT_NAME = "$(TARGET_NAME)";
				SWIFT_EMIT_LOC_STRINGS = YES;
				SWIFT_VERSION = 5.0;
				TARGETED_DEVICE_FAMILY = "1,2";
			};
			name = Release;
		};
		0C7E96072835B3D6005F78A3 /* Debug */ = {
			isa = XCBuildConfiguration;
			baseConfigurationReference = 74AF29673DC276D6EDA7E4B0 /* Pods-LangApp-LangAppTests.debug.xcconfig */;
			buildSettings = {
				ALWAYS_EMBED_SWIFT_STANDARD_LIBRARIES = YES;
				BUNDLE_LOADER = "$(TEST_HOST)";
				CODE_SIGN_STYLE = Automatic;
				CURRENT_PROJECT_VERSION = 1;
				GENERATE_INFOPLIST_FILE = YES;
				IPHONEOS_DEPLOYMENT_TARGET = 15.4;
				MARKETING_VERSION = 1.0;
				PRODUCT_BUNDLE_IDENTIFIER = com.chi.LangAppTests;
				PRODUCT_NAME = "$(TARGET_NAME)";
				SWIFT_EMIT_LOC_STRINGS = NO;
				SWIFT_VERSION = 5.0;
				TARGETED_DEVICE_FAMILY = "1,2";
				TEST_HOST = "$(BUILT_PRODUCTS_DIR)/LangApp.app/LangApp";
			};
			name = Debug;
		};
		0C7E96082835B3D6005F78A3 /* Release */ = {
			isa = XCBuildConfiguration;
			baseConfigurationReference = 4D9634AC7EB082F29FAB700E /* Pods-LangApp-LangAppTests.release.xcconfig */;
			buildSettings = {
				ALWAYS_EMBED_SWIFT_STANDARD_LIBRARIES = YES;
				BUNDLE_LOADER = "$(TEST_HOST)";
				CODE_SIGN_STYLE = Automatic;
				CURRENT_PROJECT_VERSION = 1;
				GENERATE_INFOPLIST_FILE = YES;
				IPHONEOS_DEPLOYMENT_TARGET = 15.4;
				MARKETING_VERSION = 1.0;
				PRODUCT_BUNDLE_IDENTIFIER = com.chi.LangAppTests;
				PRODUCT_NAME = "$(TARGET_NAME)";
				SWIFT_EMIT_LOC_STRINGS = NO;
				SWIFT_VERSION = 5.0;
				TARGETED_DEVICE_FAMILY = "1,2";
				TEST_HOST = "$(BUILT_PRODUCTS_DIR)/LangApp.app/LangApp";
			};
			name = Release;
		};
		0C7E960A2835B3D6005F78A3 /* Debug */ = {
			isa = XCBuildConfiguration;
			baseConfigurationReference = CC289AC12A8F50856D116915 /* Pods-LangApp-LangAppUITests.debug.xcconfig */;
			buildSettings = {
				ALWAYS_EMBED_SWIFT_STANDARD_LIBRARIES = YES;
				CODE_SIGN_STYLE = Automatic;
				CURRENT_PROJECT_VERSION = 1;
				GENERATE_INFOPLIST_FILE = YES;
				MARKETING_VERSION = 1.0;
				PRODUCT_BUNDLE_IDENTIFIER = com.chi.LangAppUITests;
				PRODUCT_NAME = "$(TARGET_NAME)";
				SWIFT_EMIT_LOC_STRINGS = NO;
				SWIFT_VERSION = 5.0;
				TARGETED_DEVICE_FAMILY = "1,2";
				TEST_TARGET_NAME = LangApp;
			};
			name = Debug;
		};
		0C7E960B2835B3D6005F78A3 /* Release */ = {
			isa = XCBuildConfiguration;
			baseConfigurationReference = 1E036F3F67AAF6CB85FC72C2 /* Pods-LangApp-LangAppUITests.release.xcconfig */;
			buildSettings = {
				ALWAYS_EMBED_SWIFT_STANDARD_LIBRARIES = YES;
				CODE_SIGN_STYLE = Automatic;
				CURRENT_PROJECT_VERSION = 1;
				GENERATE_INFOPLIST_FILE = YES;
				MARKETING_VERSION = 1.0;
				PRODUCT_BUNDLE_IDENTIFIER = com.chi.LangAppUITests;
				PRODUCT_NAME = "$(TARGET_NAME)";
				SWIFT_EMIT_LOC_STRINGS = NO;
				SWIFT_VERSION = 5.0;
				TARGETED_DEVICE_FAMILY = "1,2";
				TEST_TARGET_NAME = LangApp;
			};
			name = Release;
		};
/* End XCBuildConfiguration section */

/* Begin XCConfigurationList section */
		0C7E95D42835B3D2005F78A3 /* Build configuration list for PBXProject "LangApp" */ = {
			isa = XCConfigurationList;
			buildConfigurations = (
				0C7E96012835B3D6005F78A3 /* Debug */,
				0C7E96022835B3D6005F78A3 /* Release */,
			);
			defaultConfigurationIsVisible = 0;
			defaultConfigurationName = Release;
		};
		0C7E96032835B3D6005F78A3 /* Build configuration list for PBXNativeTarget "LangApp" */ = {
			isa = XCConfigurationList;
			buildConfigurations = (
				0C7E96042835B3D6005F78A3 /* Debug */,
				0C7E96052835B3D6005F78A3 /* Release */,
			);
			defaultConfigurationIsVisible = 0;
			defaultConfigurationName = Release;
		};
		0C7E96062835B3D6005F78A3 /* Build configuration list for PBXNativeTarget "LangAppTests" */ = {
			isa = XCConfigurationList;
			buildConfigurations = (
				0C7E96072835B3D6005F78A3 /* Debug */,
				0C7E96082835B3D6005F78A3 /* Release */,
			);
			defaultConfigurationIsVisible = 0;
			defaultConfigurationName = Release;
		};
		0C7E96092835B3D6005F78A3 /* Build configuration list for PBXNativeTarget "LangAppUITests" */ = {
			isa = XCConfigurationList;
			buildConfigurations = (
				0C7E960A2835B3D6005F78A3 /* Debug */,
				0C7E960B2835B3D6005F78A3 /* Release */,
			);
			defaultConfigurationIsVisible = 0;
			defaultConfigurationName = Release;
		};
/* End XCConfigurationList section */
	};
	rootObject = 0C7E95D12835B3D2005F78A3 /* Project object */;
}
